// !$*UTF8*$!
{
	archiveVersion = 1;
	classes = {
	};
	objectVersion = 46;
	objects = {

/* Begin PBXBuildFile section */
		79E1EFA81B72240E000F07FE /* AppDelegate.swift in Sources */ = {isa = PBXBuildFile; fileRef = 79E1EFA71B72240E000F07FE /* AppDelegate.swift */; };
		79E1EFAA1B72240E000F07FE /* ViewController.swift in Sources */ = {isa = PBXBuildFile; fileRef = 79E1EFA91B72240E000F07FE /* ViewController.swift */; };
		79E1EFAD1B72240E000F07FE /* Main.storyboard in Resources */ = {isa = PBXBuildFile; fileRef = 79E1EFAB1B72240E000F07FE /* Main.storyboard */; };
		79E1EFAF1B72240E000F07FE /* Images.xcassets in Resources */ = {isa = PBXBuildFile; fileRef = 79E1EFAE1B72240E000F07FE /* Images.xcassets */; };
		79E1EFB21B72240E000F07FE /* LaunchScreen.xib in Resources */ = {isa = PBXBuildFile; fileRef = 79E1EFB01B72240E000F07FE /* LaunchScreen.xib */; };
		79E1EFBE1B72240E000F07FE /* transitionExampleTests.swift in Sources */ = {isa = PBXBuildFile; fileRef = 79E1EFBD1B72240E000F07FE /* transitionExampleTests.swift */; };
/* End PBXBuildFile section */

/* Begin PBXContainerItemProxy section */
		79E1EFB81B72240E000F07FE /* PBXContainerItemProxy */ = {
			isa = PBXContainerItemProxy;
			containerPortal = 79E1EF9A1B72240E000F07FE /* Project object */;
			proxyType = 1;
			remoteGlobalIDString = 79E1EFA11B72240E000F07FE;
			remoteInfo = transitionExample;
		};
/* End PBXContainerItemProxy section */

/* Begin PBXFileReference section */
		79E1EFA21B72240E000F07FE /* transitionExample.app */ = {isa = PBXFileReference; explicitFileType = wrapper.application; includeInIndex = 0; path = transitionExample.app; sourceTree = BUILT_PRODUCTS_DIR; };
		79E1EFA61B72240E000F07FE /* Info.plist */ = {isa = PBXFileReference; lastKnownFileType = text.plist.xml; path = Info.plist; sourceTree = "<group>"; };
		79E1EFA71B72240E000F07FE /* AppDelegate.swift */ = {isa = PBXFileReference; lastKnownFileType = sourcecode.swift; path = AppDelegate.swift; sourceTree = "<group>"; };
		79E1EFA91B72240E000F07FE /* ViewController.swift */ = {isa = PBXFileReference; lastKnownFileType = sourcecode.swift; path = ViewController.swift; sourceTree = "<group>"; };
		79E1EFAC1B72240E000F07FE /* Base */ = {isa = PBXFileReference; lastKnownFileType = file.storyboard; name = Base; path = Base.lproj/Main.storyboard; sourceTree = "<group>"; };
		79E1EFAE1B72240E000F07FE /* Images.xcassets */ = {isa = PBXFileReference; lastKnownFileType = folder.assetcatalog; path = Images.xcassets; sourceTree = "<group>"; };
		79E1EFB11B72240E000F07FE /* Base */ = {isa = PBXFileReference; lastKnownFileType = file.xib; name = Base; path = Base.lproj/LaunchScreen.xib; sourceTree = "<group>"; };
		79E1EFB71B72240E000F07FE /* transitionExampleTests.xctest */ = {isa = PBXFileReference; explicitFileType = wrapper.cfbundle; includeInIndex = 0; path = transitionExampleTests.xctest; sourceTree = BUILT_PRODUCTS_DIR; };
		79E1EFBC1B72240E000F07FE /* Info.plist */ = {isa = PBXFileReference; lastKnownFileType = text.plist.xml; path = Info.plist; sourceTree = "<group>"; };
		79E1EFBD1B72240E000F07FE /* transitionExampleTests.swift */ = {isa = PBXFileReference; lastKnownFileType = sourcecode.swift; path = transitionExampleTests.swift; sourceTree = "<group>"; };
/* End PBXFileReference section */

/* Begin PBXFrameworksBuildPhase section */
		79E1EF9F1B72240E000F07FE /* Frameworks */ = {
			isa = PBXFrameworksBuildPhase;
			buildActionMask = 2147483647;
			files = (
			);
			runOnlyForDeploymentPostprocessing = 0;
		};
		79E1EFB41B72240E000F07FE /* Frameworks */ = {
			isa = PBXFrameworksBuildPhase;
			buildActionMask = 2147483647;
			files = (
			);
			runOnlyForDeploymentPostprocessing = 0;
		};
/* End PBXFrameworksBuildPhase section */

/* Begin PBXGroup section */
		79E1EF991B72240E000F07FE = {
			isa = PBXGroup;
			children = (
				79E1EFA41B72240E000F07FE /* transitionExample */,
				79E1EFBA1B72240E000F07FE /* transitionExampleTests */,
				79E1EFA31B72240E000F07FE /* Products */,
			);
			sourceTree = "<group>";
		};
		79E1EFA31B72240E000F07FE /* Products */ = {
			isa = PBXGroup;
			children = (
				79E1EFA21B72240E000F07FE /* transitionExample.app */,
				79E1EFB71B72240E000F07FE /* transitionExampleTests.xctest */,
			);
			name = Products;
			sourceTree = "<group>";
		};
		79E1EFA41B72240E000F07FE /* transitionExample */ = {
			isa = PBXGroup;
			children = (
				79E1EFA71B72240E000F07FE /* AppDelegate.swift */,
				79E1EFA91B72240E000F07FE /* ViewController.swift */,
				79E1EFAB1B72240E000F07FE /* Main.storyboard */,
				79E1EFAE1B72240E000F07FE /* Images.xcassets */,
				79E1EFB01B72240E000F07FE /* LaunchScreen.xib */,
				79E1EFA51B72240E000F07FE /* Supporting Files */,
			);
			path = transitionExample;
			sourceTree = "<group>";
		};
		79E1EFA51B72240E000F07FE /* Supporting Files */ = {
			isa = PBXGroup;
			children = (
				79E1EFA61B72240E000F07FE /* Info.plist */,
			);
			name = "Supporting Files";
			sourceTree = "<group>";
		};
		79E1EFBA1B72240E000F07FE /* transitionExampleTests */ = {
			isa = PBXGroup;
			children = (
				79E1EFBD1B72240E000F07FE /* transitionExampleTests.swift */,
				79E1EFBB1B72240E000F07FE /* Supporting Files */,
			);
			path = transitionExampleTests;
			sourceTree = "<group>";
		};
		79E1EFBB1B72240E000F07FE /* Supporting Files */ = {
			isa = PBXGroup;
			children = (
				79E1EFBC1B72240E000F07FE /* Info.plist */,
			);
			name = "Supporting Files";
			sourceTree = "<group>";
		};
/* End PBXGroup section */

/* Begin PBXNativeTarget section */
		79E1EFA11B72240E000F07FE /* transitionExample */ = {
			isa = PBXNativeTarget;
			buildConfigurationList = 79E1EFC11B72240E000F07FE /* Build configuration list for PBXNativeTarget "transitionExample" */;
			buildPhases = (
				79E1EF9E1B72240E000F07FE /* Sources */,
				79E1EF9F1B72240E000F07FE /* Frameworks */,
				79E1EFA01B72240E000F07FE /* Resources */,
			);
			buildRules = (
			);
			dependencies = (
			);
			name = transitionExample;
			productName = transitionExample;
			productReference = 79E1EFA21B72240E000F07FE /* transitionExample.app */;
			productType = "com.apple.product-type.application";
		};
		79E1EFB61B72240E000F07FE /* transitionExampleTests */ = {
			isa = PBXNativeTarget;
			buildConfigurationList = 79E1EFC41B72240E000F07FE /* Build configuration list for PBXNativeTarget "transitionExampleTests" */;
			buildPhases = (
				79E1EFB31B72240E000F07FE /* Sources */,
				79E1EFB41B72240E000F07FE /* Frameworks */,
				79E1EFB51B72240E000F07FE /* Resources */,
			);
			buildRules = (
			);
			dependencies = (
				79E1EFB91B72240E000F07FE /* PBXTargetDependency */,
			);
			name = transitionExampleTests;
			productName = transitionExampleTests;
			productReference = 79E1EFB71B72240E000F07FE /* transitionExampleTests.xctest */;
			productType = "com.apple.product-type.bundle.unit-test";
		};
/* End PBXNativeTarget section */

/* Begin PBXProject section */
		79E1EF9A1B72240E000F07FE /* Project object */ = {
			isa = PBXProject;
			attributes = {
				LastUpgradeCheck = 0640;
				ORGANIZATIONNAME = commandshift;
				TargetAttributes = {
					79E1EFA11B72240E000F07FE = {
						CreatedOnToolsVersion = 6.4;
					};
					79E1EFB61B72240E000F07FE = {
						CreatedOnToolsVersion = 6.4;
						TestTargetID = 79E1EFA11B72240E000F07FE;
					};
				};
			};
			buildConfigurationList = 79E1EF9D1B72240E000F07FE /* Build configuration list for PBXProject "transitionExample" */;
			compatibilityVersion = "Xcode 3.2";
			developmentRegion = English;
			hasScannedForEncodings = 0;
			knownRegions = (
				en,
				Base,
			);
			mainGroup = 79E1EF991B72240E000F07FE;
			productRefGroup = 79E1EFA31B72240E000F07FE /* Products */;
			projectDirPath = "";
			projectRoot = "";
			targets = (
				79E1EFA11B72240E000F07FE /* transitionExample */,
				79E1EFB61B72240E000F07FE /* transitionExampleTests */,
			);
		};
/* End PBXProject section */

/* Begin PBXResourcesBuildPhase section */
		79E1EFA01B72240E000F07FE /* Resources */ = {
			isa = PBXResourcesBuildPhase;
			buildActionMask = 2147483647;
			files = (
				79E1EFAD1B72240E000F07FE /* Main.storyboard in Resources */,
				79E1EFB21B72240E000F07FE /* LaunchScreen.xib in Resources */,
				79E1EFAF1B72240E000F07FE /* Images.xcassets in Resources */,
			);
			runOnlyForDeploymentPostprocessing = 0;
		};
		79E1EFB51B72240E000F07FE /* Resources */ = {
			isa = PBXResourcesBuildPhase;
			buildActionMask = 2147483647;
			files = (
			);
			runOnlyForDeploymentPostprocessing = 0;
		};
/* End PBXResourcesBuildPhase section */

/* Begin PBXSourcesBuildPhase section */
		79E1EF9E1B72240E000F07FE /* Sources */ = {
			isa = PBXSourcesBuildPhase;
			buildActionMask = 2147483647;
			files = (
				79E1EFAA1B72240E000F07FE /* ViewController.swift in Sources */,
				79E1EFA81B72240E000F07FE /* AppDelegate.swift in Sources */,
			);
			runOnlyForDeploymentPostprocessing = 0;
		};
		79E1EFB31B72240E000F07FE /* Sources */ = {
			isa = PBXSourcesBuildPhase;
			buildActionMask = 2147483647;
			files = (
				79E1EFBE1B72240E000F07FE /* transitionExampleTests.swift in Sources */,
			);
			runOnlyForDeploymentPostprocessing = 0;
		};
/* End PBXSourcesBuildPhase section */

/* Begin PBXTargetDependency section */
		79E1EFB91B72240E000F07FE /* PBXTargetDependency */ = {
			isa = PBXTargetDependency;
			target = 79E1EFA11B72240E000F07FE /* transitionExample */;
			targetProxy = 79E1EFB81B72240E000F07FE /* PBXContainerItemProxy */;
		};
/* End PBXTargetDependency section */

/* Begin PBXVariantGroup section */
		79E1EFAB1B72240E000F07FE /* Main.storyboard */ = {
			isa = PBXVariantGroup;
			children = (
				79E1EFAC1B72240E000F07FE /* Base */,
			);
			name = Main.storyboard;
			sourceTree = "<group>";
		};
		79E1EFB01B72240E000F07FE /* LaunchScreen.xib */ = {
			isa = PBXVariantGroup;
			children = (
				79E1EFB11B72240E000F07FE /* Base */,
			);
			name = LaunchScreen.xib;
			sourceTree = "<group>";
		};
/* End PBXVariantGroup section */

/* Begin XCBuildConfiguration section */
		79E1EFBF1B72240E000F07FE /* Debug */ = {
			isa = XCBuildConfiguration;
			buildSettings = {
				ALWAYS_SEARCH_USER_PATHS = NO;
				CLANG_CXX_LANGUAGE_STANDARD = "gnu++0x";
				CLANG_CXX_LIBRARY = "libc++";
				CLANG_ENABLE_MODULES = YES;
				CLANG_ENABLE_OBJC_ARC = YES;
				CLANG_WARN_BOOL_CONVERSION = YES;
				CLANG_WARN_CONSTANT_CONVERSION = YES;
				CLANG_WARN_DIRECT_OBJC_ISA_USAGE = YES_ERROR;
				CLANG_WARN_EMPTY_BODY = YES;
				CLANG_WARN_ENUM_CONVERSION = YES;
				CLANG_WARN_INT_CONVERSION = YES;
				CLANG_WARN_OBJC_ROOT_CLASS = YES_ERROR;
				CLANG_WARN_UNREACHABLE_CODE = YES;
				CLANG_WARN__DUPLICATE_METHOD_MATCH = YES;
				"CODE_SIGN_IDENTITY[sdk=iphoneos*]" = "iPhone Developer";
				COPY_PHASE_STRIP = NO;
				DEBUG_INFORMATION_FORMAT = "dwarf-with-dsym";
				ENABLE_STRICT_OBJC_MSGSEND = YES;
				GCC_C_LANGUAGE_STANDARD = gnu99;
				GCC_DYNAMIC_NO_PIC = NO;
				GCC_NO_COMMON_BLOCKS = YES;
				GCC_OPTIMIZATION_LEVEL = 0;
				GCC_PREPROCESSOR_DEFINITIONS = (
					"DEBUG=1",
					"$(inherited)",
				);
				GCC_SYMBOLS_PRIVATE_EXTERN = NO;
				GCC_WARN_64_TO_32_BIT_CONVERSION = YES;
				GCC_WARN_ABOUT_RETURN_TYPE = YES_ERROR;
				GCC_WARN_UNDECLARED_SELECTOR = YES;
				GCC_WARN_UNINITIALIZED_AUTOS = YES_AGGRESSIVE;
				GCC_WARN_UNUSED_FUNCTION = YES;
				GCC_WARN_UNUSED_VARIABLE = YES;
				IPHONEOS_DEPLOYMENT_TARGET = 8.4;
				MTL_ENABLE_DEBUG_INFO = YES;
				ONLY_ACTIVE_ARCH = YES;
				SDKROOT = iphoneos;
				SWIFT_OPTIMIZATION_LEVEL = "-Onone";
			};
			name = Debug;
		};
		79E1EFC01B72240E000F07FE /* Release */ = {
			isa = XCBuildConfiguration;
			buildSettings = {
				ALWAYS_SEARCH_USER_PATHS = NO;
				CLANG_CXX_LANGUAGE_STANDARD = "gnu++0x";
				CLANG_CXX_LIBRARY = "libc++";
				CLANG_ENABLE_MODULES = YES;
				CLANG_ENABLE_OBJC_ARC = YES;
				CLANG_WARN_BOOL_CONVERSION = YES;
				CLANG_WARN_CONSTANT_CONVERSION = YES;
				CLANG_WARN_DIRECT_OBJC_ISA_USAGE = YES_ERROR;
				CLANG_WARN_EMPTY_BODY = YES;
				CLANG_WARN_ENUM_CONVERSION = YES;
				CLANG_WARN_INT_CONVERSION = YES;
				CLANG_WARN_OBJC_ROOT_CLASS = YES_ERROR;
				CLANG_WARN_UNREACHABLE_CODE = YES;
				CLANG_WARN__DUPLICATE_METHOD_MATCH = YES;
				"CODE_SIGN_IDENTITY[sdk=iphoneos*]" = "iPhone Developer";
				COPY_PHASE_STRIP = NO;
				DEBUG_INFORMATION_FORMAT = "dwarf-with-dsym";
				ENABLE_NS_ASSERTIONS = NO;
				ENABLE_STRICT_OBJC_MSGSEND = YES;
				GCC_C_LANGUAGE_STANDARD = gnu99;
				GCC_NO_COMMON_BLOCKS = YES;
				GCC_WARN_64_TO_32_BIT_CONVERSION = YES;
				GCC_WARN_ABOUT_RETURN_TYPE = YES_ERROR;
				GCC_WARN_UNDECLARED_SELECTOR = YES;
				GCC_WARN_UNINITIALIZED_AUTOS = YES_AGGRESSIVE;
				GCC_WARN_UNUSED_FUNCTION = YES;
				GCC_WARN_UNUSED_VARIABLE = YES;
				IPHONEOS_DEPLOYMENT_TARGET = 8.4;
				MTL_ENABLE_DEBUG_INFO = NO;
				SDKROOT = iphoneos;
				VALIDATE_PRODUCT = YES;
			};
			name = Release;
		};
		79E1EFC21B72240E000F07FE /* Debug */ = {
			isa = XCBuildConfiguration;
			buildSettings = {
				ASSETCATALOG_COMPILER_APPICON_NAME = AppIcon;
				INFOPLIST_FILE = transitionExample/Info.plist;
				LD_RUNPATH_SEARCH_PATHS = "$(inherited) @executable_path/Frameworks";
				PRODUCT_NAME = "$(TARGET_NAME)";
			};
			name = Debug;
		};
		79E1EFC31B72240E000F07FE /* Release */ = {
			isa = XCBuildConfiguration;
			buildSettings = {
				ASSETCATALOG_COMPILER_APPICON_NAME = AppIcon;
				INFOPLIST_FILE = transitionExample/Info.plist;
				LD_RUNPATH_SEARCH_PATHS = "$(inherited) @executable_path/Frameworks";
				PRODUCT_NAME = "$(TARGET_NAME)";
			};
			name = Release;
		};
		79E1EFC51B72240E000F07FE /* Debug */ = {
			isa = XCBuildConfiguration;
			buildSettings = {
				BUNDLE_LOADER = "$(TEST_HOST)";
				FRAMEWORK_SEARCH_PATHS = (
					"$(SDKROOT)/Developer/Library/Frameworks",
					"$(inherited)",
				);
				GCC_PREPROCESSOR_DEFINITIONS = (
					"DEBUG=1",
					"$(inherited)",
				);
				INFOPLIST_FILE = transitionExampleTests/Info.plist;
				LD_RUNPATH_SEARCH_PATHS = "$(inherited) @executable_path/Frameworks @loader_path/Frameworks";
				PRODUCT_NAME = "$(TARGET_NAME)";
				TEST_HOST = "$(BUILT_PRODUCTS_DIR)/transitionExample.app/transitionExample";
			};
			name = Debug;
		};
		79E1EFC61B72240E000F07FE /* Release */ = {
			isa = XCBuildConfiguration;
			buildSettings = {
				BUNDLE_LOADER = "$(TEST_HOST)";
				FRAMEWORK_SEARCH_PATHS = (
					"$(SDKROOT)/Developer/Library/Frameworks",
					"$(inherited)",
				);
				INFOPLIST_FILE = transitionExampleTests/Info.plist;
				LD_RUNPATH_SEARCH_PATHS = "$(inherited) @executable_path/Frameworks @loader_path/Frameworks";
				PRODUCT_NAME = "$(TARGET_NAME)";
				TEST_HOST = "$(BUILT_PRODUCTS_DIR)/transitionExample.app/transitionExample";
			};
			name = Release;
		};
/* End XCBuildConfiguration section */

/* Begin XCConfigurationList section */
		79E1EF9D1B72240E000F07FE /* Build configuration list for PBXProject "transitionExample" */ = {
			isa = XCConfigurationList;
			buildConfigurations = (
				79E1EFBF1B72240E000F07FE /* Debug */,
				79E1EFC01B72240E000F07FE /* Release */,
			);
			defaultConfigurationIsVisible = 0;
			defaultConfigurationName = Release;
		};
		79E1EFC11B72240E000F07FE /* Build configuration list for PBXNativeTarget "transitionExample" */ = {
			isa = XCConfigurationList;
			buildConfigurations = (
				79E1EFC21B72240E000F07FE /* Debug */,
				79E1EFC31B72240E000F07FE /* Release */,
			);
			defaultConfigurationIsVisible = 0;
		};
		79E1EFC41B72240E000F07FE /* Build configuration list for PBXNativeTarget "transitionExampleTests" */ = {
			isa = XCConfigurationList;
			buildConfigurations = (
				79E1EFC51B72240E000F07FE /* Debug */,
				79E1EFC61B72240E000F07FE /* Release */,
			);
			defaultConfigurationIsVisible = 0;
		};
/* End XCConfigurationList section */
	};
	rootObject = 79E1EF9A1B72240E000F07FE /* Project object */;
}
